// !$*UTF8*$!
{
	archiveVersion = 1;
	classes = {
	};
	objectVersion = 46;
	objects = {

/* Begin PBXBuildFile section */
		ED4A82BB1D2616E400B14886 /* main.m in Sources */ = {isa = PBXBuildFile; fileRef = ED4A82BA1D2616E400B14886 /* main.m */; };
		ED4A82BE1D2616E400B14886 /* AppDelegate.m in Sources */ = {isa = PBXBuildFile; fileRef = ED4A82BD1D2616E400B14886 /* AppDelegate.m */; };
		ED4A82C41D2616E400B14886 /* Main.storyboard in Resources */ = {isa = PBXBuildFile; fileRef = ED4A82C21D2616E400B14886 /* Main.storyboard */; };
		ED4A82C61D2616E400B14886 /* Assets.xcassets in Resources */ = {isa = PBXBuildFile; fileRef = ED4A82C51D2616E400B14886 /* Assets.xcassets */; };
		ED4A82C91D2616E400B14886 /* LaunchScreen.storyboard in Resources */ = {isa = PBXBuildFile; fileRef = ED4A82C71D2616E400B14886 /* LaunchScreen.storyboard */; };
		ED4A82F01D26657500B14886 /* RLImageCollectionViewCell.m in Sources */ = {isa = PBXBuildFile; fileRef = ED4A82DF1D26657400B14886 /* RLImageCollectionViewCell.m */; };
		ED4A82F11D26657500B14886 /* RLImageCollectionViewCell.xib in Resources */ = {isa = PBXBuildFile; fileRef = ED4A82E01D26657500B14886 /* RLImageCollectionViewCell.xib */; };
		ED4A82F21D26657500B14886 /* RLBrowserViewController.m in Sources */ = {isa = PBXBuildFile; fileRef = ED4A82E21D26657500B14886 /* RLBrowserViewController.m */; };
		ED4A82F31D26657500B14886 /* RLAssetManager.m in Sources */ = {isa = PBXBuildFile; fileRef = ED4A82E51D26657500B14886 /* RLAssetManager.m */; };
		ED4A82F41D26657500B14886 /* RLCommonAsset.m in Sources */ = {isa = PBXBuildFile; fileRef = ED4A82E81D26657500B14886 /* RLCommonAsset.m */; };
		ED4A82F51D26657500B14886 /* TPPhotoPreviewCollectionViewCell.m in Sources */ = {isa = PBXBuildFile; fileRef = ED4A82EB1D26657500B14886 /* TPPhotoPreviewCollectionViewCell.m */; };
		ED4A82F61D26657500B14886 /* TPPhotoPreviewCollectionViewCell.xib in Resources */ = {isa = PBXBuildFile; fileRef = ED4A82EC1D26657500B14886 /* TPPhotoPreviewCollectionViewCell.xib */; };
		ED4A82F71D26657500B14886 /* TPPhotoPreviewViewController.m in Sources */ = {isa = PBXBuildFile; fileRef = ED4A82EE1D26657500B14886 /* TPPhotoPreviewViewController.m */; };
		ED4A82F81D26657500B14886 /* TPPhotoPreviewViewController.storyboard in Resources */ = {isa = PBXBuildFile; fileRef = ED4A82EF1D26657500B14886 /* TPPhotoPreviewViewController.storyboard */; };
/* End PBXBuildFile section */

/* Begin PBXFileReference section */
		ED4A82B61D2616E400B14886 /* RLPhotoKitDemo.app */ = {isa = PBXFileReference; explicitFileType = wrapper.application; includeInIndex = 0; path = RLPhotoKitDemo.app; sourceTree = BUILT_PRODUCTS_DIR; };
		ED4A82BA1D2616E400B14886 /* main.m */ = {isa = PBXFileReference; lastKnownFileType = sourcecode.c.objc; path = main.m; sourceTree = "<group>"; };
		ED4A82BC1D2616E400B14886 /* AppDelegate.h */ = {isa = PBXFileReference; lastKnownFileType = sourcecode.c.h; path = AppDelegate.h; sourceTree = "<group>"; };
		ED4A82BD1D2616E400B14886 /* AppDelegate.m */ = {isa = PBXFileReference; lastKnownFileType = sourcecode.c.objc; path = AppDelegate.m; sourceTree = "<group>"; };
		ED4A82C31D2616E400B14886 /* Base */ = {isa = PBXFileReference; lastKnownFileType = file.storyboard; name = Base; path = Base.lproj/Main.storyboard; sourceTree = "<group>"; };
		ED4A82C51D2616E400B14886 /* Assets.xcassets */ = {isa = PBXFileReference; lastKnownFileType = folder.assetcatalog; path = Assets.xcassets; sourceTree = "<group>"; };
		ED4A82C81D2616E400B14886 /* Base */ = {isa = PBXFileReference; lastKnownFileType = file.storyboard; name = Base; path = Base.lproj/LaunchScreen.storyboard; sourceTree = "<group>"; };
		ED4A82CA1D2616E400B14886 /* Info.plist */ = {isa = PBXFileReference; lastKnownFileType = text.plist.xml; path = Info.plist; sourceTree = "<group>"; };
		ED4A82DE1D26657400B14886 /* RLImageCollectionViewCell.h */ = {isa = PBXFileReference; fileEncoding = 4; lastKnownFileType = sourcecode.c.h; path = RLImageCollectionViewCell.h; sourceTree = "<group>"; };
		ED4A82DF1D26657400B14886 /* RLImageCollectionViewCell.m */ = {isa = PBXFileReference; fileEncoding = 4; lastKnownFileType = sourcecode.c.objc; path = RLImageCollectionViewCell.m; sourceTree = "<group>"; };
		ED4A82E01D26657500B14886 /* RLImageCollectionViewCell.xib */ = {isa = PBXFileReference; fileEncoding = 4; lastKnownFileType = file.xib; path = RLImageCollectionViewCell.xib; sourceTree = "<group>"; };
		ED4A82E11D26657500B14886 /* RLBrowserViewController.h */ = {isa = PBXFileReference; fileEncoding = 4; lastKnownFileType = sourcecode.c.h; path = RLBrowserViewController.h; sourceTree = "<group>"; };
		ED4A82E21D26657500B14886 /* RLBrowserViewController.m */ = {isa = PBXFileReference; fileEncoding = 4; lastKnownFileType = sourcecode.c.objc; path = RLBrowserViewController.m; sourceTree = "<group>"; };
		ED4A82E41D26657500B14886 /* RLAssetManager.h */ = {isa = PBXFileReference; fileEncoding = 4; lastKnownFileType = sourcecode.c.h; path = RLAssetManager.h; sourceTree = "<group>"; };
		ED4A82E51D26657500B14886 /* RLAssetManager.m */ = {isa = PBXFileReference; fileEncoding = 4; lastKnownFileType = sourcecode.c.objc; path = RLAssetManager.m; sourceTree = "<group>"; };
		ED4A82E71D26657500B14886 /* RLCommonAsset.h */ = {isa = PBXFileReference; fileEncoding = 4; lastKnownFileType = sourcecode.c.h; path = RLCommonAsset.h; sourceTree = "<group>"; };
		ED4A82E81D26657500B14886 /* RLCommonAsset.m */ = {isa = PBXFileReference; fileEncoding = 4; lastKnownFileType = sourcecode.c.objc; path = RLCommonAsset.m; sourceTree = "<group>"; };
		ED4A82EA1D26657500B14886 /* TPPhotoPreviewCollectionViewCell.h */ = {isa = PBXFileReference; fileEncoding = 4; lastKnownFileType = sourcecode.c.h; path = TPPhotoPreviewCollectionViewCell.h; sourceTree = "<group>"; };
		ED4A82EB1D26657500B14886 /* TPPhotoPreviewCollectionViewCell.m */ = {isa = PBXFileReference; fileEncoding = 4; lastKnownFileType = sourcecode.c.objc; path = TPPhotoPreviewCollectionViewCell.m; sourceTree = "<group>"; };
		ED4A82EC1D26657500B14886 /* TPPhotoPreviewCollectionViewCell.xib */ = {isa = PBXFileReference; fileEncoding = 4; lastKnownFileType = file.xib; path = TPPhotoPreviewCollectionViewCell.xib; sourceTree = "<group>"; };
		ED4A82ED1D26657500B14886 /* TPPhotoPreviewViewController.h */ = {isa = PBXFileReference; fileEncoding = 4; lastKnownFileType = sourcecode.c.h; path = TPPhotoPreviewViewController.h; sourceTree = "<group>"; };
		ED4A82EE1D26657500B14886 /* TPPhotoPreviewViewController.m */ = {isa = PBXFileReference; fileEncoding = 4; lastKnownFileType = sourcecode.c.objc; path = TPPhotoPreviewViewController.m; sourceTree = "<group>"; };
		ED4A82EF1D26657500B14886 /* TPPhotoPreviewViewController.storyboard */ = {isa = PBXFileReference; fileEncoding = 4; lastKnownFileType = file.storyboard; path = TPPhotoPreviewViewController.storyboard; sourceTree = "<group>"; };
/* End PBXFileReference section */

/* Begin PBXFrameworksBuildPhase section */
		ED4A82B31D2616E400B14886 /* Frameworks */ = {
			isa = PBXFrameworksBuildPhase;
			buildActionMask = 2147483647;
			files = (
			);
			runOnlyForDeploymentPostprocessing = 0;
		};
/* End PBXFrameworksBuildPhase section */

/* Begin PBXGroup section */
		ED4A82AD1D2616E400B14886 = {
			isa = PBXGroup;
			children = (
				ED4A82B81D2616E400B14886 /* RLPhotoKitDemo */,
				ED4A82B71D2616E400B14886 /* Products */,
			);
			sourceTree = "<group>";
		};
		ED4A82B71D2616E400B14886 /* Products */ = {
			isa = PBXGroup;
			children = (
				ED4A82B61D2616E400B14886 /* RLPhotoKitDemo.app */,
			);
			name = Products;
			sourceTree = "<group>";
		};
		ED4A82B81D2616E400B14886 /* RLPhotoKitDemo */ = {
			isa = PBXGroup;
			children = (
				ED4A82E31D26657500B14886 /* manager */,
				ED4A82E61D26657500B14886 /* model */,
				ED4A82DD1D26657400B14886 /* browser */,
				ED4A82E91D26657500B14886 /* preview */,
				ED4A82BC1D2616E400B14886 /* AppDelegate.h */,
				ED4A82BD1D2616E400B14886 /* AppDelegate.m */,
				ED4A82C21D2616E400B14886 /* Main.storyboard */,
				ED4A82C51D2616E400B14886 /* Assets.xcassets */,
				ED4A82C71D2616E400B14886 /* LaunchScreen.storyboard */,
				ED4A82CA1D2616E400B14886 /* Info.plist */,
				ED4A82B91D2616E400B14886 /* Supporting Files */,
			);
			path = RLPhotoKitDemo;
			sourceTree = "<group>";
		};
		ED4A82B91D2616E400B14886 /* Supporting Files */ = {
			isa = PBXGroup;
			children = (
				ED4A82BA1D2616E400B14886 /* main.m */,
			);
			name = "Supporting Files";
			sourceTree = "<group>";
		};
		ED4A82DD1D26657400B14886 /* browser */ = {
			isa = PBXGroup;
			children = (
				ED4A82DE1D26657400B14886 /* RLImageCollectionViewCell.h */,
				ED4A82DF1D26657400B14886 /* RLImageCollectionViewCell.m */,
				ED4A82E01D26657500B14886 /* RLImageCollectionViewCell.xib */,
				ED4A82E11D26657500B14886 /* RLBrowserViewController.h */,
				ED4A82E21D26657500B14886 /* RLBrowserViewController.m */,
			);
			path = browser;
			sourceTree = "<group>";
		};
		ED4A82E31D26657500B14886 /* manager */ = {
			isa = PBXGroup;
			children = (
				ED4A82E41D26657500B14886 /* RLAssetManager.h */,
				ED4A82E51D26657500B14886 /* RLAssetManager.m */,
			);
			path = manager;
			sourceTree = "<group>";
		};
		ED4A82E61D26657500B14886 /* model */ = {
			isa = PBXGroup;
			children = (
				ED4A82E71D26657500B14886 /* RLCommonAsset.h */,
				ED4A82E81D26657500B14886 /* RLCommonAsset.m */,
			);
			path = model;
			sourceTree = "<group>";
		};
		ED4A82E91D26657500B14886 /* preview */ = {
			isa = PBXGroup;
			children = (
				ED4A82EA1D26657500B14886 /* TPPhotoPreviewCollectionViewCell.h */,
				ED4A82EB1D26657500B14886 /* TPPhotoPreviewCollectionViewCell.m */,
				ED4A82EC1D26657500B14886 /* TPPhotoPreviewCollectionViewCell.xib */,
				ED4A82ED1D26657500B14886 /* TPPhotoPreviewViewController.h */,
				ED4A82EE1D26657500B14886 /* TPPhotoPreviewViewController.m */,
				ED4A82EF1D26657500B14886 /* TPPhotoPreviewViewController.storyboard */,
			);
			path = preview;
			sourceTree = "<group>";
		};
/* End PBXGroup section */

/* Begin PBXNativeTarget section */
		ED4A82B51D2616E400B14886 /* RLPhotoKitDemo */ = {
			isa = PBXNativeTarget;
			buildConfigurationList = ED4A82CD1D2616E400B14886 /* Build configuration list for PBXNativeTarget "RLPhotoKitDemo" */;
			buildPhases = (
				ED4A82B21D2616E400B14886 /* Sources */,
				ED4A82B31D2616E400B14886 /* Frameworks */,
				ED4A82B41D2616E400B14886 /* Resources */,
			);
			buildRules = (
			);
			dependencies = (
			);
			name = RLPhotoKitDemo;
			productName = RLPhotoKitDemo;
			productReference = ED4A82B61D2616E400B14886 /* RLPhotoKitDemo.app */;
			productType = "com.apple.product-type.application";
		};
/* End PBXNativeTarget section */

/* Begin PBXProject section */
		ED4A82AE1D2616E400B14886 /* Project object */ = {
			isa = PBXProject;
			attributes = {
				LastUpgradeCheck = 0730;
				ORGANIZATIONNAME = lwj;
				TargetAttributes = {
					ED4A82B51D2616E400B14886 = {
						CreatedOnToolsVersion = 7.3;
					};
				};
			};
			buildConfigurationList = ED4A82B11D2616E400B14886 /* Build configuration list for PBXProject "RLPhotoKitDemo" */;
			compatibilityVersion = "Xcode 3.2";
			developmentRegion = English;
			hasScannedForEncodings = 0;
			knownRegions = (
				en,
				Base,
			);
			mainGroup = ED4A82AD1D2616E400B14886;
			productRefGroup = ED4A82B71D2616E400B14886 /* Products */;
			projectDirPath = "";
			projectRoot = "";
			targets = (
				ED4A82B51D2616E400B14886 /* RLPhotoKitDemo */,
			);
		};
/* End PBXProject section */

/* Begin PBXResourcesBuildPhase section */
		ED4A82B41D2616E400B14886 /* Resources */ = {
			isa = PBXResourcesBuildPhase;
			buildActionMask = 2147483647;
			files = (
				ED4A82C91D2616E400B14886 /* LaunchScreen.storyboard in Resources */,
				ED4A82C61D2616E400B14886 /* Assets.xcassets in Resources */,
				ED4A82F11D26657500B14886 /* RLImageCollectionViewCell.xib in Resources */,
				ED4A82F81D26657500B14886 /* TPPhotoPreviewViewController.storyboard in Resources */,
				ED4A82C41D2616E400B14886 /* Main.storyboard in Resources */,
				ED4A82F61D26657500B14886 /* TPPhotoPreviewCollectionViewCell.xib in Resources */,
			);
			runOnlyForDeploymentPostprocessing = 0;
		};
/* End PBXResourcesBuildPhase section */

/* Begin PBXSourcesBuildPhase section */
		ED4A82B21D2616E400B14886 /* Sources */ = {
			isa = PBXSourcesBuildPhase;
			buildActionMask = 2147483647;
			files = (
				ED4A82F71D26657500B14886 /* TPPhotoPreviewViewController.m in Sources */,
				ED4A82F01D26657500B14886 /* RLImageCollectionViewCell.m in Sources */,
				ED4A82BE1D2616E400B14886 /* AppDelegate.m in Sources */,
				ED4A82F21D26657500B14886 /* RLBrowserViewController.m in Sources */,
				ED4A82F41D26657500B14886 /* RLCommonAsset.m in Sources */,
				ED4A82F51D26657500B14886 /* TPPhotoPreviewCollectionViewCell.m in Sources */,
				ED4A82F31D26657500B14886 /* RLAssetManager.m in Sources */,
				ED4A82BB1D2616E400B14886 /* main.m in Sources */,
			);
			runOnlyForDeploymentPostprocessing = 0;
		};
/* End PBXSourcesBuildPhase section */

/* Begin PBXVariantGroup section */
		ED4A82C21D2616E400B14886 /* Main.storyboard */ = {
			isa = PBXVariantGroup;
			children = (
				ED4A82C31D2616E400B14886 /* Base */,
			);
			name = Main.storyboard;
			sourceTree = "<group>";
		};
		ED4A82C71D2616E400B14886 /* LaunchScreen.storyboard */ = {
			isa = PBXVariantGroup;
			children = (
				ED4A82C81D2616E400B14886 /* Base */,
			);
			name = LaunchScreen.storyboard;
			sourceTree = "<group>";
		};
/* End PBXVariantGroup section */

/* Begin XCBuildConfiguration section */
		ED4A82CB1D2616E400B14886 /* Debug */ = {
			isa = XCBuildConfiguration;
			buildSettings = {
				ALWAYS_SEARCH_USER_PATHS = NO;
				CLANG_ANALYZER_NONNULL = YES;
				CLANG_CXX_LANGUAGE_STANDARD = "gnu++0x";
				CLANG_CXX_LIBRARY = "libc++";
				CLANG_ENABLE_MODULES = YES;
				CLANG_ENABLE_OBJC_ARC = YES;
				CLANG_WARN_BOOL_CONVERSION = YES;
				CLANG_WARN_CONSTANT_CONVERSION = YES;
				CLANG_WARN_DIRECT_OBJC_ISA_USAGE = YES_ERROR;
				CLANG_WARN_EMPTY_BODY = YES;
				CLANG_WARN_ENUM_CONVERSION = YES;
				CLANG_WARN_INT_CONVERSION = YES;
				CLANG_WARN_OBJC_ROOT_CLASS = YES_ERROR;
				CLANG_WARN_UNREACHABLE_CODE = YES;
				CLANG_WARN__DUPLICATE_METHOD_MATCH = YES;
				"CODE_SIGN_IDENTITY[sdk=iphoneos*]" = "iPhone Developer";
				COPY_PHASE_STRIP = NO;
				DEBUG_INFORMATION_FORMAT = dwarf;
				ENABLE_STRICT_OBJC_MSGSEND = YES;
				ENABLE_TESTABILITY = YES;
				GCC_C_LANGUAGE_STANDARD = gnu99;
				GCC_DYNAMIC_NO_PIC = NO;
				GCC_NO_COMMON_BLOCKS = YES;
				GCC_OPTIMIZATION_LEVEL = 0;
				GCC_PREPROCESSOR_DEFINITIONS = (
					"DEBUG=1",
					"$(inherited)",
				);
				GCC_WARN_64_TO_32_BIT_CONVERSION = YES;
				GCC_WARN_ABOUT_RETURN_TYPE = YES_ERROR;
				GCC_WARN_UNDECLARED_SELECTOR = YES;
				GCC_WARN_UNINITIALIZED_AUTOS = YES_AGGRESSIVE;
				GCC_WARN_UNUSED_FUNCTION = YES;
				GCC_WARN_UNUSED_VARIABLE = YES;
				IPHONEOS_DEPLOYMENT_TARGET = 9.3;
				MTL_ENABLE_DEBUG_INFO = YES;
				ONLY_ACTIVE_ARCH = YES;
				SDKROOT = iphoneos;
			};
			name = Debug;
		};
		ED4A82CC1D2616E400B14886 /* Release */ = {
			isa = XCBuildConfiguration;
			buildSettings = {
				ALWAYS_SEARCH_USER_PATHS = NO;
				CLANG_ANALYZER_NONNULL = YES;
				CLANG_CXX_LANGUAGE_STANDARD = "gnu++0x";
				CLANG_CXX_LIBRARY = "libc++";
				CLANG_ENABLE_MODULES = YES;
				CLANG_ENABLE_OBJC_ARC = YES;
				CLANG_WARN_BOOL_CONVERSION = YES;
				CLANG_WARN_CONSTANT_CONVERSION = YES;
				CLANG_WARN_DIRECT_OBJC_ISA_USAGE = YES_ERROR;
				CLANG_WARN_EMPTY_BODY = YES;
				CLANG_WARN_ENUM_CONVERSION = YES;
				CLANG_WARN_INT_CONVERSION = YES;
				CLANG_WARN_OBJC_ROOT_CLASS = YES_ERROR;
				CLANG_WARN_UNREACHABLE_CODE = YES;
				CLANG_WARN__DUPLICATE_METHOD_MATCH = YES;
				"CODE_SIGN_IDENTITY[sdk=iphoneos*]" = "iPhone Developer";
				COPY_PHASE_STRIP = NO;
				DEBUG_INFORMATION_FORMAT = "dwarf-with-dsym";
				ENABLE_NS_ASSERTIONS = NO;
				ENABLE_STRICT_OBJC_MSGSEND = YES;
				GCC_C_LANGUAGE_STANDARD = gnu99;
				GCC_NO_COMMON_BLOCKS = YES;
				GCC_WARN_64_TO_32_BIT_CONVERSION = YES;
				GCC_WARN_ABOUT_RETURN_TYPE = YES_ERROR;
				GCC_WARN_UNDECLARED_SELECTOR = YES;
				GCC_WARN_UNINITIALIZED_AUTOS = YES_AGGRESSIVE;
				GCC_WARN_UNUSED_FUNCTION = YES;
				GCC_WARN_UNUSED_VARIABLE = YES;
				IPHONEOS_DEPLOYMENT_TARGET = 9.3;
				MTL_ENABLE_DEBUG_INFO = NO;
				SDKROOT = iphoneos;
				VALIDATE_PRODUCT = YES;
			};
			name = Release;
		};
		ED4A82CE1D2616E400B14886 /* Debug */ = {
			isa = XCBuildConfiguration;
			buildSettings = {
				ASSETCATALOG_COMPILER_APPICON_NAME = AppIcon;
				CODE_SIGN_IDENTITY = "iPhone Developer: wenjie lu (MGB3JZ7BR8)";
				INFOPLIST_FILE = RLPhotoKitDemo/Info.plist;
				IPHONEOS_DEPLOYMENT_TARGET = 7.0;
				LD_RUNPATH_SEARCH_PATHS = "$(inherited) @executable_path/Frameworks";
				PRODUCT_BUNDLE_IDENTIFIER = hk.ganguo.photokitdemo;
				PRODUCT_NAME = "$(TARGET_NAME)";
				PROVISIONING_PROFILE = "6e61edc4-b83e-4bf5-b458-5d88d60d5e06";
			};
			name = Debug;
		};
		ED4A82CF1D2616E400B14886 /* Release */ = {
			isa = XCBuildConfiguration;
			buildSettings = {
				ASSETCATALOG_COMPILER_APPICON_NAME = AppIcon;
				CODE_SIGN_IDENTITY = "iPhone Developer: wenjie lu (MGB3JZ7BR8)";
				INFOPLIST_FILE = RLPhotoKitDemo/Info.plist;
				IPHONEOS_DEPLOYMENT_TARGET = 7.0;
				LD_RUNPATH_SEARCH_PATHS = "$(inherited) @executable_path/Frameworks";
				PRODUCT_BUNDLE_IDENTIFIER = hk.ganguo.photokitdemo;
				PRODUCT_NAME = "$(TARGET_NAME)";
				PROVISIONING_PROFILE = "6e61edc4-b83e-4bf5-b458-5d88d60d5e06";
			};
			name = Release;
		};
/* End XCBuildConfiguration section */

/* Begin XCConfigurationList section */
		ED4A82B11D2616E400B14886 /* Build configuration list for PBXProject "RLPhotoKitDemo" */ = {
			isa = XCConfigurationList;
			buildConfigurations = (
				ED4A82CB1D2616E400B14886 /* Debug */,
				ED4A82CC1D2616E400B14886 /* Release */,
			);
			defaultConfigurationIsVisible = 0;
			defaultConfigurationName = Release;
		};
		ED4A82CD1D2616E400B14886 /* Build configuration list for PBXNativeTarget "RLPhotoKitDemo" */ = {
			isa = XCConfigurationList;
			buildConfigurations = (
				ED4A82CE1D2616E400B14886 /* Debug */,
				ED4A82CF1D2616E400B14886 /* Release */,
			);
			defaultConfigurationIsVisible = 0;
			defaultConfigurationName = Release;
		};
/* End XCConfigurationList section */
	};
	rootObject = ED4A82AE1D2616E400B14886 /* Project object */;
}
