// !$*UTF8*$!
{
	archiveVersion = 1;
	classes = {
	};
	objectVersion = 46;
	objects = {

/* Begin PBXBuildFile section */
		ED4A82BB1D2616E400B14886 /* main.m in Sources */ = {isa = PBXBuildFile; fileRef = ED4A82BA1D2616E400B14886 /* main.m */; };
		ED4A82BE1D2616E400B14886 /* AppDelegate.m in Sources */ = {isa = PBXBuildFile; fileRef = ED4A82BD1D2616E400B14886 /* AppDelegate.m */; };
		ED4A82C41D2616E400B14886 /* Main.storyboard in Resources */ = {isa = PBXBuildFile; fileRef = ED4A82C21D2616E400B14886 /* Main.storyboard */; };
		ED4A82C61D2616E400B14886 /* Assets.xcassets in Resources */ = {isa = PBXBuildFile; fileRef = ED4A82C51D2616E400B14886 /* Assets.xcassets */; };
		ED4A82C91D2616E400B14886 /* LaunchScreen.storyboard in Resources */ = {isa = PBXBuildFile; fileRef = ED4A82C71D2616E400B14886 /* LaunchScreen.storyboard */; };
		EDCDAD241E73A06C00D6A598 /* RLAssetManager.m in Sources */ = {isa = PBXBuildFile; fileRef = EDCDAD131E73A06C00D6A598 /* RLAssetManager.m */; };
		EDCDAD251E73A06C00D6A598 /* RLCommonAsset.m in Sources */ = {isa = PBXBuildFile; fileRef = EDCDAD151E73A06C00D6A598 /* RLCommonAsset.m */; };
		EDCDAD261E73A06C00D6A598 /* RLAlbumListTableViewCell.m in Sources */ = {isa = PBXBuildFile; fileRef = EDCDAD181E73A06C00D6A598 /* RLAlbumListTableViewCell.m */; };
		EDCDAD271E73A06C00D6A598 /* RLAlbumListTableViewCell.xib in Resources */ = {isa = PBXBuildFile; fileRef = EDCDAD191E73A06C00D6A598 /* RLAlbumListTableViewCell.xib */; };
		EDCDAD281E73A06C00D6A598 /* RLAlbumSelectionView.m in Sources */ = {isa = PBXBuildFile; fileRef = EDCDAD1B1E73A06C00D6A598 /* RLAlbumSelectionView.m */; };
		EDCDAD291E73A06C00D6A598 /* RLAlbumSelectionView.xib in Resources */ = {isa = PBXBuildFile; fileRef = EDCDAD1C1E73A06C00D6A598 /* RLAlbumSelectionView.xib */; };
		EDCDAD2A1E73A06C00D6A598 /* RLAlbumsListView.m in Sources */ = {isa = PBXBuildFile; fileRef = EDCDAD1E1E73A06C00D6A598 /* RLAlbumsListView.m */; };
		EDCDAD2B1E73A06C00D6A598 /* RLImageCollectionViewCell.m in Sources */ = {isa = PBXBuildFile; fileRef = EDCDAD201E73A06C00D6A598 /* RLImageCollectionViewCell.m */; };
		EDCDAD2C1E73A06C00D6A598 /* RLImageCollectionViewCell.xib in Resources */ = {isa = PBXBuildFile; fileRef = EDCDAD211E73A06C00D6A598 /* RLImageCollectionViewCell.xib */; };
		EDCDAD3A1E73AA7800D6A598 /* RLPhotoPickerViewController.xib in Resources */ = {isa = PBXBuildFile; fileRef = EDCDAD371E73AA7800D6A598 /* RLPhotoPickerViewController.xib */; };
		EDCDAD3B1E73AA7800D6A598 /* RLPhotoPickerViewController.m in Sources */ = {isa = PBXBuildFile; fileRef = EDCDAD381E73AA7800D6A598 /* RLPhotoPickerViewController.m */; };
/* End PBXBuildFile section */

/* Begin PBXFileReference section */
		ED4A82B61D2616E400B14886 /* RLPhotoKitDemo.app */ = {isa = PBXFileReference; explicitFileType = wrapper.application; includeInIndex = 0; path = RLPhotoKitDemo.app; sourceTree = BUILT_PRODUCTS_DIR; };
		ED4A82BA1D2616E400B14886 /* main.m */ = {isa = PBXFileReference; lastKnownFileType = sourcecode.c.objc; path = main.m; sourceTree = "<group>"; };
		ED4A82BC1D2616E400B14886 /* AppDelegate.h */ = {isa = PBXFileReference; lastKnownFileType = sourcecode.c.h; path = AppDelegate.h; sourceTree = "<group>"; };
		ED4A82BD1D2616E400B14886 /* AppDelegate.m */ = {isa = PBXFileReference; lastKnownFileType = sourcecode.c.objc; path = AppDelegate.m; sourceTree = "<group>"; };
		ED4A82C31D2616E400B14886 /* Base */ = {isa = PBXFileReference; lastKnownFileType = file.storyboard; name = Base; path = Base.lproj/Main.storyboard; sourceTree = "<group>"; };
		ED4A82C51D2616E400B14886 /* Assets.xcassets */ = {isa = PBXFileReference; lastKnownFileType = folder.assetcatalog; path = Assets.xcassets; sourceTree = "<group>"; };
		ED4A82C81D2616E400B14886 /* Base */ = {isa = PBXFileReference; lastKnownFileType = file.storyboard; name = Base; path = Base.lproj/LaunchScreen.storyboard; sourceTree = "<group>"; };
		ED4A82CA1D2616E400B14886 /* Info.plist */ = {isa = PBXFileReference; lastKnownFileType = text.plist.xml; path = Info.plist; sourceTree = "<group>"; };
		EDCDAD121E73A06C00D6A598 /* RLAssetManager.h */ = {isa = PBXFileReference; fileEncoding = 4; lastKnownFileType = sourcecode.c.h; path = RLAssetManager.h; sourceTree = "<group>"; };
		EDCDAD131E73A06C00D6A598 /* RLAssetManager.m */ = {isa = PBXFileReference; fileEncoding = 4; lastKnownFileType = sourcecode.c.objc; path = RLAssetManager.m; sourceTree = "<group>"; };
		EDCDAD141E73A06C00D6A598 /* RLCommonAsset.h */ = {isa = PBXFileReference; fileEncoding = 4; lastKnownFileType = sourcecode.c.h; path = RLCommonAsset.h; sourceTree = "<group>"; };
		EDCDAD151E73A06C00D6A598 /* RLCommonAsset.m */ = {isa = PBXFileReference; fileEncoding = 4; lastKnownFileType = sourcecode.c.objc; path = RLCommonAsset.m; sourceTree = "<group>"; };
		EDCDAD171E73A06C00D6A598 /* RLAlbumListTableViewCell.h */ = {isa = PBXFileReference; fileEncoding = 4; lastKnownFileType = sourcecode.c.h; path = RLAlbumListTableViewCell.h; sourceTree = "<group>"; };
		EDCDAD181E73A06C00D6A598 /* RLAlbumListTableViewCell.m */ = {isa = PBXFileReference; fileEncoding = 4; lastKnownFileType = sourcecode.c.objc; path = RLAlbumListTableViewCell.m; sourceTree = "<group>"; };
		EDCDAD191E73A06C00D6A598 /* RLAlbumListTableViewCell.xib */ = {isa = PBXFileReference; fileEncoding = 4; lastKnownFileType = file.xib; path = RLAlbumListTableViewCell.xib; sourceTree = "<group>"; };
		EDCDAD1A1E73A06C00D6A598 /* RLAlbumSelectionView.h */ = {isa = PBXFileReference; fileEncoding = 4; lastKnownFileType = sourcecode.c.h; path = RLAlbumSelectionView.h; sourceTree = "<group>"; };
		EDCDAD1B1E73A06C00D6A598 /* RLAlbumSelectionView.m */ = {isa = PBXFileReference; fileEncoding = 4; lastKnownFileType = sourcecode.c.objc; path = RLAlbumSelectionView.m; sourceTree = "<group>"; };
		EDCDAD1C1E73A06C00D6A598 /* RLAlbumSelectionView.xib */ = {isa = PBXFileReference; fileEncoding = 4; lastKnownFileType = file.xib; path = RLAlbumSelectionView.xib; sourceTree = "<group>"; };
		EDCDAD1D1E73A06C00D6A598 /* RLAlbumsListView.h */ = {isa = PBXFileReference; fileEncoding = 4; lastKnownFileType = sourcecode.c.h; path = RLAlbumsListView.h; sourceTree = "<group>"; };
		EDCDAD1E1E73A06C00D6A598 /* RLAlbumsListView.m */ = {isa = PBXFileReference; fileEncoding = 4; lastKnownFileType = sourcecode.c.objc; path = RLAlbumsListView.m; sourceTree = "<group>"; };
		EDCDAD1F1E73A06C00D6A598 /* RLImageCollectionViewCell.h */ = {isa = PBXFileReference; fileEncoding = 4; lastKnownFileType = sourcecode.c.h; path = RLImageCollectionViewCell.h; sourceTree = "<group>"; };
		EDCDAD201E73A06C00D6A598 /* RLImageCollectionViewCell.m */ = {isa = PBXFileReference; fileEncoding = 4; lastKnownFileType = sourcecode.c.objc; path = RLImageCollectionViewCell.m; sourceTree = "<group>"; };
		EDCDAD211E73A06C00D6A598 /* RLImageCollectionViewCell.xib */ = {isa = PBXFileReference; fileEncoding = 4; lastKnownFileType = file.xib; path = RLImageCollectionViewCell.xib; sourceTree = "<group>"; };
		EDCDAD371E73AA7800D6A598 /* RLPhotoPickerViewController.xib */ = {isa = PBXFileReference; fileEncoding = 4; lastKnownFileType = file.xib; path = RLPhotoPickerViewController.xib; sourceTree = "<group>"; };
		EDCDAD381E73AA7800D6A598 /* RLPhotoPickerViewController.m */ = {isa = PBXFileReference; fileEncoding = 4; lastKnownFileType = sourcecode.c.objc; path = RLPhotoPickerViewController.m; sourceTree = "<group>"; };
		EDCDAD391E73AA7800D6A598 /* RLPhotoPickerViewController.h */ = {isa = PBXFileReference; fileEncoding = 4; lastKnownFileType = sourcecode.c.h; path = RLPhotoPickerViewController.h; sourceTree = "<group>"; };
/* End PBXFileReference section */

/* Begin PBXFrameworksBuildPhase section */
		ED4A82B31D2616E400B14886 /* Frameworks */ = {
			isa = PBXFrameworksBuildPhase;
			buildActionMask = 2147483647;
			files = (
			);
			runOnlyForDeploymentPostprocessing = 0;
		};
/* End PBXFrameworksBuildPhase section */

/* Begin PBXGroup section */
		ED4A82AD1D2616E400B14886 = {
			isa = PBXGroup;
			children = (
				ED4A82B81D2616E400B14886 /* RLPhotoKitDemo */,
				ED4A82B71D2616E400B14886 /* Products */,
			);
			sourceTree = "<group>";
		};
		ED4A82B71D2616E400B14886 /* Products */ = {
			isa = PBXGroup;
			children = (
				ED4A82B61D2616E400B14886 /* RLPhotoKitDemo.app */,
			);
			name = Products;
			sourceTree = "<group>";
		};
		ED4A82B81D2616E400B14886 /* RLPhotoKitDemo */ = {
			isa = PBXGroup;
			children = (
				EDCDAD0C1E73A06C00D6A598 /* app */,
				ED4A82BC1D2616E400B14886 /* AppDelegate.h */,
				ED4A82BD1D2616E400B14886 /* AppDelegate.m */,
				ED4A82C21D2616E400B14886 /* Main.storyboard */,
				ED4A82C51D2616E400B14886 /* Assets.xcassets */,
				ED4A82C71D2616E400B14886 /* LaunchScreen.storyboard */,
				ED4A82CA1D2616E400B14886 /* Info.plist */,
				ED4A82B91D2616E400B14886 /* Supporting Files */,
			);
			path = RLPhotoKitDemo;
			sourceTree = "<group>";
		};
		ED4A82B91D2616E400B14886 /* Supporting Files */ = {
			isa = PBXGroup;
			children = (
				ED4A82BA1D2616E400B14886 /* main.m */,
			);
			name = "Supporting Files";
			sourceTree = "<group>";
		};
		EDCDAD0C1E73A06C00D6A598 /* app */ = {
			isa = PBXGroup;
			children = (
				EDCDAD0D1E73A06C00D6A598 /* controllers */,
				EDCDAD111E73A06C00D6A598 /* model */,
				EDCDAD161E73A06C00D6A598 /* views */,
			);
			path = app;
			sourceTree = "<group>";
		};
		EDCDAD0D1E73A06C00D6A598 /* controllers */ = {
			isa = PBXGroup;
			children = (
				EDCDAD391E73AA7800D6A598 /* RLPhotoPickerViewController.h */,
				EDCDAD381E73AA7800D6A598 /* RLPhotoPickerViewController.m */,
				EDCDAD371E73AA7800D6A598 /* RLPhotoPickerViewController.xib */,
			);
			path = controllers;
			sourceTree = "<group>";
		};
		EDCDAD111E73A06C00D6A598 /* model */ = {
			isa = PBXGroup;
			children = (
				EDCDAD121E73A06C00D6A598 /* RLAssetManager.h */,
				EDCDAD131E73A06C00D6A598 /* RLAssetManager.m */,
				EDCDAD141E73A06C00D6A598 /* RLCommonAsset.h */,
				EDCDAD151E73A06C00D6A598 /* RLCommonAsset.m */,
			);
			path = model;
			sourceTree = "<group>";
		};
		EDCDAD161E73A06C00D6A598 /* views */ = {
			isa = PBXGroup;
			children = (
				EDCDAD171E73A06C00D6A598 /* RLAlbumListTableViewCell.h */,
				EDCDAD181E73A06C00D6A598 /* RLAlbumListTableViewCell.m */,
				EDCDAD191E73A06C00D6A598 /* RLAlbumListTableViewCell.xib */,
				EDCDAD1A1E73A06C00D6A598 /* RLAlbumSelectionView.h */,
				EDCDAD1B1E73A06C00D6A598 /* RLAlbumSelectionView.m */,
				EDCDAD1C1E73A06C00D6A598 /* RLAlbumSelectionView.xib */,
				EDCDAD1D1E73A06C00D6A598 /* RLAlbumsListView.h */,
				EDCDAD1E1E73A06C00D6A598 /* RLAlbumsListView.m */,
				EDCDAD1F1E73A06C00D6A598 /* RLImageCollectionViewCell.h */,
				EDCDAD201E73A06C00D6A598 /* RLImageCollectionViewCell.m */,
				EDCDAD211E73A06C00D6A598 /* RLImageCollectionViewCell.xib */,
			);
			path = views;
			sourceTree = "<group>";
		};
/* End PBXGroup section */

/* Begin PBXNativeTarget section */
		ED4A82B51D2616E400B14886 /* RLPhotoKitDemo */ = {
			isa = PBXNativeTarget;
			buildConfigurationList = ED4A82CD1D2616E400B14886 /* Build configuration list for PBXNativeTarget "RLPhotoKitDemo" */;
			buildPhases = (
				ED4A82B21D2616E400B14886 /* Sources */,
				ED4A82B31D2616E400B14886 /* Frameworks */,
				ED4A82B41D2616E400B14886 /* Resources */,
			);
			buildRules = (
			);
			dependencies = (
			);
			name = RLPhotoKitDemo;
			productName = RLPhotoKitDemo;
			productReference = ED4A82B61D2616E400B14886 /* RLPhotoKitDemo.app */;
			productType = "com.apple.product-type.application";
		};
/* End PBXNativeTarget section */

/* Begin PBXProject section */
		ED4A82AE1D2616E400B14886 /* Project object */ = {
			isa = PBXProject;
			attributes = {
				LastUpgradeCheck = 0730;
				ORGANIZATIONNAME = lwj;
				TargetAttributes = {
					ED4A82B51D2616E400B14886 = {
						CreatedOnToolsVersion = 7.3;
					};
				};
			};
			buildConfigurationList = ED4A82B11D2616E400B14886 /* Build configuration list for PBXProject "RLPhotoKitDemo" */;
			compatibilityVersion = "Xcode 3.2";
			developmentRegion = English;
			hasScannedForEncodings = 0;
			knownRegions = (
				en,
				Base,
			);
			mainGroup = ED4A82AD1D2616E400B14886;
			productRefGroup = ED4A82B71D2616E400B14886 /* Products */;
			projectDirPath = "";
			projectRoot = "";
			targets = (
				ED4A82B51D2616E400B14886 /* RLPhotoKitDemo */,
			);
		};
/* End PBXProject section */

/* Begin PBXResourcesBuildPhase section */
		ED4A82B41D2616E400B14886 /* Resources */ = {
			isa = PBXResourcesBuildPhase;
			buildActionMask = 2147483647;
			files = (
				ED4A82C91D2616E400B14886 /* LaunchScreen.storyboard in Resources */,
				EDCDAD271E73A06C00D6A598 /* RLAlbumListTableViewCell.xib in Resources */,
				ED4A82C61D2616E400B14886 /* Assets.xcassets in Resources */,
				EDCDAD291E73A06C00D6A598 /* RLAlbumSelectionView.xib in Resources */,
				ED4A82C41D2616E400B14886 /* Main.storyboard in Resources */,
				EDCDAD3A1E73AA7800D6A598 /* RLPhotoPickerViewController.xib in Resources */,
				EDCDAD2C1E73A06C00D6A598 /* RLImageCollectionViewCell.xib in Resources */,
			);
			runOnlyForDeploymentPostprocessing = 0;
		};
/* End PBXResourcesBuildPhase section */

/* Begin PBXSourcesBuildPhase section */
		ED4A82B21D2616E400B14886 /* Sources */ = {
			isa = PBXSourcesBuildPhase;
			buildActionMask = 2147483647;
			files = (
				EDCDAD281E73A06C00D6A598 /* RLAlbumSelectionView.m in Sources */,
				EDCDAD241E73A06C00D6A598 /* RLAssetManager.m in Sources */,
				EDCDAD251E73A06C00D6A598 /* RLCommonAsset.m in Sources */,
				ED4A82BE1D2616E400B14886 /* AppDelegate.m in Sources */,
				ED4A82BB1D2616E400B14886 /* main.m in Sources */,
				EDCDAD3B1E73AA7800D6A598 /* RLPhotoPickerViewController.m in Sources */,
				EDCDAD2B1E73A06C00D6A598 /* RLImageCollectionViewCell.m in Sources */,
				EDCDAD2A1E73A06C00D6A598 /* RLAlbumsListView.m in Sources */,
				EDCDAD261E73A06C00D6A598 /* RLAlbumListTableViewCell.m in Sources */,
			);
			runOnlyForDeploymentPostprocessing = 0;
		};
/* End PBXSourcesBuildPhase section */

/* Begin PBXVariantGroup section */
		ED4A82C21D2616E400B14886 /* Main.storyboard */ = {
			isa = PBXVariantGroup;
			children = (
				ED4A82C31D2616E400B14886 /* Base */,
			);
			name = Main.storyboard;
			sourceTree = "<group>";
		};
		ED4A82C71D2616E400B14886 /* LaunchScreen.storyboard */ = {
			isa = PBXVariantGroup;
			children = (
				ED4A82C81D2616E400B14886 /* Base */,
			);
			name = LaunchScreen.storyboard;
			sourceTree = "<group>";
		};
/* End PBXVariantGroup section */

/* Begin XCBuildConfiguration section */
		ED4A82CB1D2616E400B14886 /* Debug */ = {
			isa = XCBuildConfiguration;
			buildSettings = {
				ALWAYS_SEARCH_USER_PATHS = NO;
				CLANG_ANALYZER_NONNULL = YES;
				CLANG_CXX_LANGUAGE_STANDARD = "gnu++0x";
				CLANG_CXX_LIBRARY = "libc++";
				CLANG_ENABLE_MODULES = YES;
				CLANG_ENABLE_OBJC_ARC = YES;
				CLANG_WARN_BOOL_CONVERSION = YES;
				CLANG_WARN_CONSTANT_CONVERSION = YES;
				CLANG_WARN_DIRECT_OBJC_ISA_USAGE = YES_ERROR;
				CLANG_WARN_EMPTY_BODY = YES;
				CLANG_WARN_ENUM_CONVERSION = YES;
				CLANG_WARN_INT_CONVERSION = YES;
				CLANG_WARN_OBJC_ROOT_CLASS = YES_ERROR;
				CLANG_WARN_UNREACHABLE_CODE = YES;
				CLANG_WARN__DUPLICATE_METHOD_MATCH = YES;
				"CODE_SIGN_IDENTITY[sdk=iphoneos*]" = "iPhone Developer";
				COPY_PHASE_STRIP = NO;
				DEBUG_INFORMATION_FORMAT = dwarf;
				ENABLE_STRICT_OBJC_MSGSEND = YES;
				ENABLE_TESTABILITY = YES;
				GCC_C_LANGUAGE_STANDARD = gnu99;
				GCC_DYNAMIC_NO_PIC = NO;
				GCC_NO_COMMON_BLOCKS = YES;
				GCC_OPTIMIZATION_LEVEL = 0;
				GCC_PREPROCESSOR_DEFINITIONS = (
					"DEBUG=1",
					"$(inherited)",
				);
				GCC_WARN_64_TO_32_BIT_CONVERSION = YES;
				GCC_WARN_ABOUT_RETURN_TYPE = YES_ERROR;
				GCC_WARN_UNDECLARED_SELECTOR = YES;
				GCC_WARN_UNINITIALIZED_AUTOS = YES_AGGRESSIVE;
				GCC_WARN_UNUSED_FUNCTION = YES;
				GCC_WARN_UNUSED_VARIABLE = YES;
				IPHONEOS_DEPLOYMENT_TARGET = 9.3;
				MTL_ENABLE_DEBUG_INFO = YES;
				ONLY_ACTIVE_ARCH = YES;
				SDKROOT = iphoneos;
			};
			name = Debug;
		};
		ED4A82CC1D2616E400B14886 /* Release */ = {
			isa = XCBuildConfiguration;
			buildSettings = {
				ALWAYS_SEARCH_USER_PATHS = NO;
				CLANG_ANALYZER_NONNULL = YES;
				CLANG_CXX_LANGUAGE_STANDARD = "gnu++0x";
				CLANG_CXX_LIBRARY = "libc++";
				CLANG_ENABLE_MODULES = YES;
				CLANG_ENABLE_OBJC_ARC = YES;
				CLANG_WARN_BOOL_CONVERSION = YES;
				CLANG_WARN_CONSTANT_CONVERSION = YES;
				CLANG_WARN_DIRECT_OBJC_ISA_USAGE = YES_ERROR;
				CLANG_WARN_EMPTY_BODY = YES;
				CLANG_WARN_ENUM_CONVERSION = YES;
				CLANG_WARN_INT_CONVERSION = YES;
				CLANG_WARN_OBJC_ROOT_CLASS = YES_ERROR;
				CLANG_WARN_UNREACHABLE_CODE = YES;
				CLANG_WARN__DUPLICATE_METHOD_MATCH = YES;
				"CODE_SIGN_IDENTITY[sdk=iphoneos*]" = "iPhone Developer";
				COPY_PHASE_STRIP = NO;
				DEBUG_INFORMATION_FORMAT = "dwarf-with-dsym";
				ENABLE_NS_ASSERTIONS = NO;
				ENABLE_STRICT_OBJC_MSGSEND = YES;
				GCC_C_LANGUAGE_STANDARD = gnu99;
				GCC_NO_COMMON_BLOCKS = YES;
				GCC_WARN_64_TO_32_BIT_CONVERSION = YES;
				GCC_WARN_ABOUT_RETURN_TYPE = YES_ERROR;
				GCC_WARN_UNDECLARED_SELECTOR = YES;
				GCC_WARN_UNINITIALIZED_AUTOS = YES_AGGRESSIVE;
				GCC_WARN_UNUSED_FUNCTION = YES;
				GCC_WARN_UNUSED_VARIABLE = YES;
				IPHONEOS_DEPLOYMENT_TARGET = 9.3;
				MTL_ENABLE_DEBUG_INFO = NO;
				SDKROOT = iphoneos;
				VALIDATE_PRODUCT = YES;
			};
			name = Release;
		};
		ED4A82CE1D2616E400B14886 /* Debug */ = {
			isa = XCBuildConfiguration;
			buildSettings = {
				ASSETCATALOG_COMPILER_APPICON_NAME = AppIcon;
				CODE_SIGN_IDENTITY = "iPhone Developer: wenjie lu (MGB3JZ7BR8)";
				INFOPLIST_FILE = RLPhotoKitDemo/Info.plist;
				IPHONEOS_DEPLOYMENT_TARGET = 8.0;
				LD_RUNPATH_SEARCH_PATHS = "$(inherited) @executable_path/Frameworks";
				PRODUCT_BUNDLE_IDENTIFIER = hk.ganguo.photokitdemo;
				PRODUCT_NAME = "$(TARGET_NAME)";
				PROVISIONING_PROFILE = "6e61edc4-b83e-4bf5-b458-5d88d60d5e06";
			};
			name = Debug;
		};
		ED4A82CF1D2616E400B14886 /* Release */ = {
			isa = XCBuildConfiguration;
			buildSettings = {
				ASSETCATALOG_COMPILER_APPICON_NAME = AppIcon;
				CODE_SIGN_IDENTITY = "iPhone Developer: wenjie lu (MGB3JZ7BR8)";
				INFOPLIST_FILE = RLPhotoKitDemo/Info.plist;
				IPHONEOS_DEPLOYMENT_TARGET = 8.0;
				LD_RUNPATH_SEARCH_PATHS = "$(inherited) @executable_path/Frameworks";
				PRODUCT_BUNDLE_IDENTIFIER = hk.ganguo.photokitdemo;
				PRODUCT_NAME = "$(TARGET_NAME)";
				PROVISIONING_PROFILE = "6e61edc4-b83e-4bf5-b458-5d88d60d5e06";
			};
			name = Release;
		};
/* End XCBuildConfiguration section */

/* Begin XCConfigurationList section */
		ED4A82B11D2616E400B14886 /* Build configuration list for PBXProject "RLPhotoKitDemo" */ = {
			isa = XCConfigurationList;
			buildConfigurations = (
				ED4A82CB1D2616E400B14886 /* Debug */,
				ED4A82CC1D2616E400B14886 /* Release */,
			);
			defaultConfigurationIsVisible = 0;
			defaultConfigurationName = Release;
		};
		ED4A82CD1D2616E400B14886 /* Build configuration list for PBXNativeTarget "RLPhotoKitDemo" */ = {
			isa = XCConfigurationList;
			buildConfigurations = (
				ED4A82CE1D2616E400B14886 /* Debug */,
				ED4A82CF1D2616E400B14886 /* Release */,
			);
			defaultConfigurationIsVisible = 0;
			defaultConfigurationName = Release;
		};
/* End XCConfigurationList section */
	};
	rootObject = ED4A82AE1D2616E400B14886 /* Project object */;
}
